
Microsoft Visual Studio Solution File, Format Version 12.00
# Visual Studio Version 17
VisualStudioVersion = 17.9.34622.214
MinimumVisualStudioVersion = 10.0.40219.1
Project("{FAE04EC0-301F-11D3-BF4B-00C04F79EFBC}") = "TodoApp", "TodoApp\TodoApp.csproj", "{E55C4026-8055-4B42-B32D-3EF17C9380AD}"
EndProject
Project("{FAE04EC0-301F-11D3-BF4B-00C04F79EFBC}") = "BLLTodo", "BLLTodo\BLLTodo.csproj", "{180875D2-F490-4D1A-93C1-ADF02D307462}"
EndProject
Project("{FAE04EC0-301F-11D3-BF4B-00C04F79EFBC}") = "DALTodo", "DALTodo\DALTodo.csproj", "{2F02F923-9428-4A87-A3B4-3EBB2671879F}"
EndProject
Project("{FAE04EC0-301F-11D3-BF4B-00C04F79EFBC}") = "ModelTodo", "ModelTodo\ModelTodo.csproj", "{14432911-2017-446A-B5C9-0E6B1141A914}"
EndProject
Global
	GlobalSection(SolutionConfigurationPlatforms) = preSolution
		Debug|Any CPU = Debug|Any CPU
		Release|Any CPU = Release|Any CPU
	EndGlobalSection
	GlobalSection(ProjectConfigurationPlatforms) = postSolution
		{E55C4026-8055-4B42-B32D-3EF17C9380AD}.Debug|Any CPU.ActiveCfg = Debug|Any CPU
		{E55C4026-8055-4B42-B32D-3EF17C9380AD}.Debug|Any CPU.Build.0 = Debug|Any CPU
		{E55C4026-8055-4B42-B32D-3EF17C9380AD}.Release|Any CPU.ActiveCfg = Release|Any CPU
		{E55C4026-8055-4B42-B32D-3EF17C9380AD}.Release|Any CPU.Build.0 = Release|Any CPU
		{180875D2-F490-4D1A-93C1-ADF02D307462}.Debug|Any CPU.ActiveCfg = Debug|Any CPU
		{180875D2-F490-4D1A-93C1-ADF02D307462}.Debug|Any CPU.Build.0 = Debug|Any CPU
		{180875D2-F490-4D1A-93C1-ADF02D307462}.Release|Any CPU.ActiveCfg = Release|Any CPU
		{180875D2-F490-4D1A-93C1-ADF02D307462}.Release|Any CPU.Build.0 = Release|Any CPU
		{2F02F923-9428-4A87-A3B4-3EBB2671879F}.Debug|Any CPU.ActiveCfg = Debug|Any CPU
		{2F02F923-9428-4A87-A3B4-3EBB2671879F}.Debug|Any CPU.Build.0 = Debug|Any CPU
		{2F02F923-9428-4A87-A3B4-3EBB2671879F}.Release|Any CPU.ActiveCfg = Release|Any CPU
		{2F02F923-9428-4A87-A3B4-3EBB2671879F}.Release|Any CPU.Build.0 = Release|Any CPU
		{14432911-2017-446A-B5C9-0E6B1141A914}.Debug|Any CPU.ActiveCfg = Debug|Any CPU
		{14432911-2017-446A-B5C9-0E6B1141A914}.Debug|Any CPU.Build.0 = Debug|Any CPU
		{14432911-2017-446A-B5C9-0E6B1141A914}.Release|Any CPU.ActiveCfg = Release|Any CPU
		{14432911-2017-446A-B5C9-0E6B1141A914}.Release|Any CPU.Build.0 = Release|Any CPU
	EndGlobalSection
	GlobalSection(SolutionProperties) = preSolution
		HideSolutionNode = FALSE
	EndGlobalSection
	GlobalSection(ExtensibilityGlobals) = postSolution
		SolutionGuid = {492B6CF8-0AEC-4A04-821C-84288D802504}
	EndGlobalSection
EndGlobal
